{
  "version": 4,
  "terraform_version": "1.6.6",
  "serial": 581,
  "lineage": "ede05503-7aaf-5f48-f778-e4b26bdb24cf",
  "outputs": {},
  "resources": [
    {
      "mode": "managed",
      "type": "aws_instance",
      "name": "borse_instance",
      "provider": "provider[\"registry.terraform.io/hashicorp/aws\"]",
      "instances": [
        {
          "schema_version": 1,
          "attributes": {
            "ami": "ami-0faab6bdbac9486fb",
            "arn": "arn:aws:ec2:eu-central-1:586713673864:instance/i-03f1d346f09177774",
            "associate_public_ip_address": true,
            "availability_zone": "eu-central-1b",
            "capacity_reservation_specification": [
              {
                "capacity_reservation_preference": "open",
                "capacity_reservation_target": []
              }
            ],
            "cpu_core_count": 1,
            "cpu_options": [
              {
                "amd_sev_snp": "",
                "core_count": 1,
                "threads_per_core": 2
              }
            ],
            "cpu_threads_per_core": 2,
            "credit_specification": [
              {
                "cpu_credits": "unlimited"
              }
            ],
            "disable_api_stop": false,
            "disable_api_termination": false,
            "ebs_block_device": [],
            "ebs_optimized": false,
            "enclave_options": [
              {
                "enabled": false
              }
            ],
            "ephemeral_block_device": [],
            "get_password_data": false,
            "hibernation": false,
            "host_id": "",
            "host_resource_group_arn": null,
            "iam_instance_profile": "",
            "id": "i-03f1d346f09177774",
            "instance_initiated_shutdown_behavior": "stop",
            "instance_lifecycle": "",
            "instance_market_options": [],
            "instance_state": "running",
            "instance_type": "t3.small",
            "ipv6_address_count": 0,
            "ipv6_addresses": [],
            "key_name": "borse",
            "launch_template": [],
            "maintenance_options": [
              {
                "auto_recovery": "default"
              }
            ],
            "metadata_options": [
              {
                "http_endpoint": "enabled",
                "http_protocol_ipv6": "disabled",
                "http_put_response_hop_limit": 1,
                "http_tokens": "optional",
                "instance_metadata_tags": "disabled"
              }
            ],
            "monitoring": false,
            "network_interface": [],
            "outpost_arn": "",
            "password_data": "",
            "placement_group": "",
            "placement_partition_number": 0,
            "primary_network_interface_id": "eni-049a6622636727584",
            "private_dns": "ip-172-31-47-82.eu-central-1.compute.internal",
            "private_dns_name_options": [
              {
                "enable_resource_name_dns_a_record": false,
                "enable_resource_name_dns_aaaa_record": false,
                "hostname_type": "ip-name"
              }
            ],
            "private_ip": "172.31.47.82",
            "public_dns": "ec2-35-159-24-118.eu-central-1.compute.amazonaws.com",
            "public_ip": "35.159.24.118",
            "root_block_device": [
              {
                "delete_on_termination": true,
                "device_name": "/dev/sda1",
                "encrypted": false,
                "iops": 100,
                "kms_key_id": "",
                "tags": null,
                "throughput": 0,
                "volume_id": "vol-08d38c5b86a079f2b",
                "volume_size": 10,
                "volume_type": "gp2"
              }
            ],
            "secondary_private_ips": [],
            "security_groups": [
              "sg_ec2"
            ],
            "source_dest_check": true,
            "spot_instance_request_id": "",
            "subnet_id": "subnet-0765a119266180a5d",
            "tags": {
              "Name": "borse_instance"
            },
            "tags_all": {
              "Name": "borse_instance"
            },
            "tenancy": "default",
            "timeouts": null,
            "user_data": null,
            "user_data_base64": null,
            "user_data_replace_on_change": false,
            "volume_tags": null,
            "vpc_security_group_ids": [
              "sg-01fc9f4916797dd52"
            ]
          },
          "sensitive_attributes": [],
          "private": "eyJlMmJmYjczMC1lY2FhLTExZTYtOGY4OC0zNDM2M2JjN2M0YzAiOnsiY3JlYXRlIjo2MDAwMDAwMDAwMDAsImRlbGV0ZSI6MTIwMDAwMDAwMDAwMCwidXBkYXRlIjo2MDAwMDAwMDAwMDB9LCJzY2hlbWFfdmVyc2lvbiI6IjEifQ==",
          "dependencies": [
            "aws_key_pair.key_pair",
            "aws_security_group.sg_ec2",
            "tls_private_key.rsa_2048"
          ]
        }
      ]
    },
    {
      "mode": "managed",
      "type": "aws_key_pair",
      "name": "key_pair",
      "provider": "provider[\"registry.terraform.io/hashicorp/aws\"]",
      "instances": [
        {
          "schema_version": 1,
          "attributes": {
            "arn": "arn:aws:ec2:eu-central-1:586713673864:key-pair/borse",
            "fingerprint": "14:e2:83:17:41:56:06:08:23:2a:22:c3:28:27:37:0d",
            "id": "borse",
            "key_name": "borse",
            "key_name_prefix": "",
            "key_pair_id": "key-0590f88e2e41f4a05",
            "key_type": "rsa",
            "public_key": "ssh-rsa AAAAB3NzaC1yc2EAAAADAQABAAABAQDgW1keZCP0ZLZhpP3erqO685snZQFsze2Mi94JSbeCVtF+rTYSxZOkxuxm0qT4JrCmJCv4g6VQzhnlEQF9jmxFG+5jPh+KJ+1nSyTMtcz2qsDMoXs0h1qMxVUXFdiD69stjSOT5n1UWxjrpE6RNAGZNdadTTLpwfL9PmtcnZKuVkBxivxjiN5xgvuz9O2lEb37g/2Oug9LMT8FZB3rTR/uT78ALciXVAjEC/S65iW33DtKeRv9AQsd1zBvT9jtSmCMkq/cX9sw3X/6DnFCDFPJdkEdoACqHFe2j8IbL0oViQEUfErl9nuwysuQPuxVqg7ZA1HItg19IEm1B56NsfSb",
            "tags": null,
            "tags_all": {}
          },
          "sensitive_attributes": [],
          "private": "eyJzY2hlbWFfdmVyc2lvbiI6IjEifQ==",
          "dependencies": [
            "tls_private_key.rsa_2048"
          ]
        }
      ]
    },
    {
      "mode": "managed",
      "type": "aws_security_group",
      "name": "sg_ec2",
      "provider": "provider[\"registry.terraform.io/hashicorp/aws\"]",
      "instances": [
        {
          "schema_version": 1,
          "attributes": {
            "arn": "arn:aws:ec2:eu-central-1:586713673864:security-group/sg-01fc9f4916797dd52",
            "description": "Security group for EC2",
            "egress": [
              {
                "cidr_blocks": [
                  "0.0.0.0/0"
                ],
                "description": "",
                "from_port": 0,
                "ipv6_cidr_blocks": [],
                "prefix_list_ids": [],
                "protocol": "-1",
                "security_groups": [],
                "self": false,
                "to_port": 0
              }
            ],
            "id": "sg-01fc9f4916797dd52",
            "ingress": [
              {
                "cidr_blocks": [
                  "0.0.0.0/0"
                ],
                "description": "",
                "from_port": 0,
                "ipv6_cidr_blocks": [],
                "prefix_list_ids": [],
                "protocol": "-1",
                "security_groups": [],
                "self": false,
                "to_port": 0
              }
            ],
            "name": "sg_ec2",
            "name_prefix": "",
            "owner_id": "586713673864",
            "revoke_rules_on_delete": false,
            "tags": null,
            "tags_all": {},
            "timeouts": null,
            "vpc_id": "vpc-07c56f6aa1492ce1b"
          },
          "sensitive_attributes": [],
          "private": "eyJlMmJmYjczMC1lY2FhLTExZTYtOGY4OC0zNDM2M2JjN2M0YzAiOnsiY3JlYXRlIjo2MDAwMDAwMDAwMDAsImRlbGV0ZSI6OTAwMDAwMDAwMDAwfSwic2NoZW1hX3ZlcnNpb24iOiIxIn0="
        }
      ]
    },
    {
      "mode": "managed",
      "type": "local_file",
      "name": "private_key",
      "provider": "provider[\"registry.terraform.io/hashicorp/local\"]",
      "instances": [
        {
          "schema_version": 0,
          "attributes": {
            "content": "-----BEGIN RSA PRIVATE KEY-----\nMIIEowIBAAKCAQEA4FtZHmQj9GS2YaT93q6juvObJ2UBbM3tjIveCUm3glbRfq02\nEsWTpMbsZtKk+CawpiQr+IOlUM4Z5REBfY5sRRvuYz4fiiftZ0skzLXM9qrAzKF7\nNIdajMVVFxXYg+vbLY0jk+Z9VFsY66ROkTQBmTXWnU0y6cHy/T5rXJ2SrlZAcYr8\nY4jecYL7s/TtpRG9+4P9jroPSzE/BWQd600f7k+/AC3Il1QIxAv0uuYlt9w7Snkb\n/QELHdcwb0/Y7UpgjJKv3F/bMN1/+g5xQgxTyXZBHaAAqhxXto/CGy9KFYkBFHxK\n5fZ7sMrLkD7sVaoO2QNRyLYNfSBJtQeejbH0mwIDAQABAoIBAEw/n2UNwY5wn+9F\nhKYmkiyaWBOmZzqULfSDIH3lmMFqQh6cPXFZxpjMplE3q6tOcuC0EGGQVCHHOdO4\n2NnUCoXePUFrPorUkQF271XHP5ZhZ87j3px2l9aZxhZnbUNAaCft/LZqMhP2Ndz3\n5V/B3f005/Bj6Ta6nJtmmFRMlSo8MMbf9D8YzwjVVJEkePQuWJB0XvGBqTtXpC/w\neppzwA4ELIMJweL8jBw1Z19QrcYw1zUhH8P7j3KiR2O2OHzThfhShx5ptRSh5KZF\nQS26H05REQWFe3pA3NbPf+CE4gRiorZBGvSygG43eRf864wiHAUNWaq7QFkLC7Pg\nITW0uOkCgYEA/1KZzepzkqGi46IfmnNYt8jhzB1UZ3/sbLdZWCUzH5SYpENOY4kC\niKhltcArLrwp7M7VbZ9cvb7KLBwiyMeh1uKL+50UvXyTVUEcvk5uSkGq1NtpAhTy\nTUunuErbXCPhLyokiaEikuU2JKNt6XeL5iC1iWgkOseBDr7fAY8pEFcCgYEA4PO3\nnpgDH38MFmLaKajrvM0TXg0zAWwRUs9FHrmDCWv0A+LDryiz91XZB7iDqtmlHmHM\nMp98VWRFq1Q5998tusF0yTlXd1QZU6ZWPbc5zMrhGJ+bbT9WKgGS61f6zQXXsLYV\nNx3NIGe5ZNqQcdm+HZqH4wTN+Amo4GFc1v5aA10CgYAgj8I5tprCqoaBjV2Gbwtz\ndNUHGP54rKHUQ5XLXgMlFehZmpPWsdR25TMDeNyI+0pFfyNM9bP4JurVsUjmXj9P\njljX3/KTL94CU2l9A7ehFLrappi/wTgdj3Z2VGWhXJoNT8yVGM21+jFrfsQ3sB1R\nXf6I5ZUpQeQ9oy4BnuZXxQKBgAvp/Iyiwm+Vm/9HhwRz1OBwABmYG1506cn3/lIt\nQxpppEfcZ77MKhPscQ0uoZKX6l3ckiMQPVaMdAAp+tP89wAQJO5PYimIw7qhcand\nHWuSRy+1rFax5w9ce/qI81iOeaj7S85afrW7qJ8F0GanQKFywMWuSHZdlJslrPQa\nDoxlAoGBAJiIEeSoKaCOEqsCDb3E9YQUiM+PEVoWXfPA3/H98Uc6JZUjmXSc1B6K\nu1hbKdJGoW8UzC9mInl+yqiweXcPBG3xXGirVU5Sew7RDjWnvwAaHHbdZWumBvvi\nEqj/61MBLZ3O0rGHRI3Q2OT3dc4e7Ts87y1aU7378Z7Dd6MdLlun\n-----END RSA PRIVATE KEY-----\n",
            "content_base64": null,
            "content_base64sha256": "n5dUURnl2eCVTK6jwcydzZYDESf4QgznNa4Sf3t3HDY=",
            "content_base64sha512": "FKNDql2gk8ZBO5erGpqblW/8OLdlkNgUWJqIOXu+WJEBPCwFta6u7tZufKhzkXY6v2yRR+5BXnedqXTbDLgVKg==",
            "content_md5": "4d8b7e15c576e9a85cabeaec14f2fa0b",
            "content_sha1": "e2c24f334e8a8c5078f2dd2a48774b1fa48dab57",
            "content_sha256": "9f97545119e5d9e0954caea3c1cc9dcd96031127f8420ce735ae127f7b771c36",
            "content_sha512": "14a343aa5da093c6413b97ab1a9a9b956ffc38b76590d814589a88397bbe5891013c2c05b5aeaeeed66e7ca87391763abf6c9147ee415e779da974db0cb8152a",
            "directory_permission": "0777",
            "file_permission": "0777",
            "filename": "borse",
            "id": "e2c24f334e8a8c5078f2dd2a48774b1fa48dab57",
            "sensitive_content": null,
            "source": null
          },
          "sensitive_attributes": [
            [
              {
                "type": "get_attr",
                "value": "content"
              }
            ]
          ],
          "dependencies": [
            "tls_private_key.rsa_2048"
          ]
        }
      ]
    },
    {
      "mode": "managed",
      "type": "null_resource",
      "name": "provision",
      "provider": "provider[\"registry.terraform.io/hashicorp/null\"]",
      "instances": [
        {
          "schema_version": 0,
          "attributes": {
            "id": "9208376596070650972",
            "triggers": null
          },
          "sensitive_attributes": [],
          "dependencies": [
            "aws_instance.borse_instance",
            "aws_key_pair.key_pair",
            "aws_security_group.sg_ec2",
            "tls_private_key.rsa_2048"
          ]
        }
      ]
    },
    {
      "mode": "managed",
      "type": "tls_private_key",
      "name": "rsa_2048",
      "provider": "provider[\"registry.terraform.io/hashicorp/tls\"]",
      "instances": [
        {
          "schema_version": 1,
          "attributes": {
            "algorithm": "RSA",
            "ecdsa_curve": "P224",
            "id": "232e537519f7e133000b12929a5f6f8b95401246",
            "private_key_openssh": "-----BEGIN OPENSSH PRIVATE KEY-----\nb3BlbnNzaC1rZXktdjEAAAAABG5vbmUAAAAEbm9uZQAAAAAAAAABAAABFwAAAAdz\nc2gtcnNhAAAAAwEAAQAAAQEA4FtZHmQj9GS2YaT93q6juvObJ2UBbM3tjIveCUm3\nglbRfq02EsWTpMbsZtKk+CawpiQr+IOlUM4Z5REBfY5sRRvuYz4fiiftZ0skzLXM\n9qrAzKF7NIdajMVVFxXYg+vbLY0jk+Z9VFsY66ROkTQBmTXWnU0y6cHy/T5rXJ2S\nrlZAcYr8Y4jecYL7s/TtpRG9+4P9jroPSzE/BWQd600f7k+/AC3Il1QIxAv0uuYl\nt9w7Snkb/QELHdcwb0/Y7UpgjJKv3F/bMN1/+g5xQgxTyXZBHaAAqhxXto/CGy9K\nFYkBFHxK5fZ7sMrLkD7sVaoO2QNRyLYNfSBJtQeejbH0mwAAA7j3xRa698UWugAA\nAAdzc2gtcnNhAAABAQDgW1keZCP0ZLZhpP3erqO685snZQFsze2Mi94JSbeCVtF+\nrTYSxZOkxuxm0qT4JrCmJCv4g6VQzhnlEQF9jmxFG+5jPh+KJ+1nSyTMtcz2qsDM\noXs0h1qMxVUXFdiD69stjSOT5n1UWxjrpE6RNAGZNdadTTLpwfL9PmtcnZKuVkBx\nivxjiN5xgvuz9O2lEb37g/2Oug9LMT8FZB3rTR/uT78ALciXVAjEC/S65iW33DtK\neRv9AQsd1zBvT9jtSmCMkq/cX9sw3X/6DnFCDFPJdkEdoACqHFe2j8IbL0oViQEU\nfErl9nuwysuQPuxVqg7ZA1HItg19IEm1B56NsfSbAAAAAwEAAQAAAQBMP59lDcGO\ncJ/vRYSmJpIsmlgTpmc6lC30gyB95ZjBakIenD1xWcaYzKZRN6urTnLgtBBhkFQh\nxznTuNjZ1AqF3j1Baz6K1JEBdu9Vxz+WYWfO496cdpfWmcYWZ21DQGgn7fy2ajIT\n9jXc9+Vfwd39NOfwY+k2upybZphUTJUqPDDG3/Q/GM8I1VSRJHj0LliQdF7xgak7\nV6Qv8Hqac8AOBCyDCcHi/IwcNWdfUK3GMNc1IR/D+49yokdjtjh804X4UoceabUU\noeSmRUEtuh9OUREFhXt6QNzWz3/ghOIEYqK2QRr0soBuN3kX/OuMIhwFDVmqu0BZ\nCwuz4CE1tLjpAAAAgQCYiBHkqCmgjhKrAg29xPWEFIjPjxFaFl3zwN/x/fFHOiWV\nI5l0nNQeirtYWynSRqFvFMwvZiJ5fsqosHl3DwRt8Vxoq1VOUnsO0Q41p78AGhx2\n3WVrpgb74hKo/+tTAS2dztKxh0SN0Njk93XOHu07PO8tWlO9+/Gew3ejHS5bpwAA\nAIEA/1KZzepzkqGi46IfmnNYt8jhzB1UZ3/sbLdZWCUzH5SYpENOY4kCiKhltcAr\nLrwp7M7VbZ9cvb7KLBwiyMeh1uKL+50UvXyTVUEcvk5uSkGq1NtpAhTyTUunuErb\nXCPhLyokiaEikuU2JKNt6XeL5iC1iWgkOseBDr7fAY8pEFcAAACBAODzt56YAx9/\nDBZi2imo67zNE14NMwFsEVLPRR65gwlr9APiw68os/dV2Qe4g6rZpR5hzDKffFVk\nRatUOfffLbrBdMk5V3dUGVOmVj23OczK4Rifm20/VioBkutX+s0F17C2FTcdzSBn\nuWTakHHZvh2ah+MEzfgJqOBhXNb+WgNdAAAAAAEC\n-----END OPENSSH PRIVATE KEY-----\n",
            "private_key_pem": "-----BEGIN RSA PRIVATE KEY-----\nMIIEowIBAAKCAQEA4FtZHmQj9GS2YaT93q6juvObJ2UBbM3tjIveCUm3glbRfq02\nEsWTpMbsZtKk+CawpiQr+IOlUM4Z5REBfY5sRRvuYz4fiiftZ0skzLXM9qrAzKF7\nNIdajMVVFxXYg+vbLY0jk+Z9VFsY66ROkTQBmTXWnU0y6cHy/T5rXJ2SrlZAcYr8\nY4jecYL7s/TtpRG9+4P9jroPSzE/BWQd600f7k+/AC3Il1QIxAv0uuYlt9w7Snkb\n/QELHdcwb0/Y7UpgjJKv3F/bMN1/+g5xQgxTyXZBHaAAqhxXto/CGy9KFYkBFHxK\n5fZ7sMrLkD7sVaoO2QNRyLYNfSBJtQeejbH0mwIDAQABAoIBAEw/n2UNwY5wn+9F\nhKYmkiyaWBOmZzqULfSDIH3lmMFqQh6cPXFZxpjMplE3q6tOcuC0EGGQVCHHOdO4\n2NnUCoXePUFrPorUkQF271XHP5ZhZ87j3px2l9aZxhZnbUNAaCft/LZqMhP2Ndz3\n5V/B3f005/Bj6Ta6nJtmmFRMlSo8MMbf9D8YzwjVVJEkePQuWJB0XvGBqTtXpC/w\neppzwA4ELIMJweL8jBw1Z19QrcYw1zUhH8P7j3KiR2O2OHzThfhShx5ptRSh5KZF\nQS26H05REQWFe3pA3NbPf+CE4gRiorZBGvSygG43eRf864wiHAUNWaq7QFkLC7Pg\nITW0uOkCgYEA/1KZzepzkqGi46IfmnNYt8jhzB1UZ3/sbLdZWCUzH5SYpENOY4kC\niKhltcArLrwp7M7VbZ9cvb7KLBwiyMeh1uKL+50UvXyTVUEcvk5uSkGq1NtpAhTy\nTUunuErbXCPhLyokiaEikuU2JKNt6XeL5iC1iWgkOseBDr7fAY8pEFcCgYEA4PO3\nnpgDH38MFmLaKajrvM0TXg0zAWwRUs9FHrmDCWv0A+LDryiz91XZB7iDqtmlHmHM\nMp98VWRFq1Q5998tusF0yTlXd1QZU6ZWPbc5zMrhGJ+bbT9WKgGS61f6zQXXsLYV\nNx3NIGe5ZNqQcdm+HZqH4wTN+Amo4GFc1v5aA10CgYAgj8I5tprCqoaBjV2Gbwtz\ndNUHGP54rKHUQ5XLXgMlFehZmpPWsdR25TMDeNyI+0pFfyNM9bP4JurVsUjmXj9P\njljX3/KTL94CU2l9A7ehFLrappi/wTgdj3Z2VGWhXJoNT8yVGM21+jFrfsQ3sB1R\nXf6I5ZUpQeQ9oy4BnuZXxQKBgAvp/Iyiwm+Vm/9HhwRz1OBwABmYG1506cn3/lIt\nQxpppEfcZ77MKhPscQ0uoZKX6l3ckiMQPVaMdAAp+tP89wAQJO5PYimIw7qhcand\nHWuSRy+1rFax5w9ce/qI81iOeaj7S85afrW7qJ8F0GanQKFywMWuSHZdlJslrPQa\nDoxlAoGBAJiIEeSoKaCOEqsCDb3E9YQUiM+PEVoWXfPA3/H98Uc6JZUjmXSc1B6K\nu1hbKdJGoW8UzC9mInl+yqiweXcPBG3xXGirVU5Sew7RDjWnvwAaHHbdZWumBvvi\nEqj/61MBLZ3O0rGHRI3Q2OT3dc4e7Ts87y1aU7378Z7Dd6MdLlun\n-----END RSA PRIVATE KEY-----\n",
            "private_key_pem_pkcs8": "-----BEGIN PRIVATE KEY-----\nMIIEvQIBADANBgkqhkiG9w0BAQEFAASCBKcwggSjAgEAAoIBAQDgW1keZCP0ZLZh\npP3erqO685snZQFsze2Mi94JSbeCVtF+rTYSxZOkxuxm0qT4JrCmJCv4g6VQzhnl\nEQF9jmxFG+5jPh+KJ+1nSyTMtcz2qsDMoXs0h1qMxVUXFdiD69stjSOT5n1UWxjr\npE6RNAGZNdadTTLpwfL9PmtcnZKuVkBxivxjiN5xgvuz9O2lEb37g/2Oug9LMT8F\nZB3rTR/uT78ALciXVAjEC/S65iW33DtKeRv9AQsd1zBvT9jtSmCMkq/cX9sw3X/6\nDnFCDFPJdkEdoACqHFe2j8IbL0oViQEUfErl9nuwysuQPuxVqg7ZA1HItg19IEm1\nB56NsfSbAgMBAAECggEATD+fZQ3BjnCf70WEpiaSLJpYE6ZnOpQt9IMgfeWYwWpC\nHpw9cVnGmMymUTerq05y4LQQYZBUIcc507jY2dQKhd49QWs+itSRAXbvVcc/lmFn\nzuPenHaX1pnGFmdtQ0BoJ+38tmoyE/Y13PflX8Hd/TTn8GPpNrqcm2aYVEyVKjww\nxt/0PxjPCNVUkSR49C5YkHRe8YGpO1ekL/B6mnPADgQsgwnB4vyMHDVnX1CtxjDX\nNSEfw/uPcqJHY7Y4fNOF+FKHHmm1FKHkpkVBLbofTlERBYV7ekDc1s9/4ITiBGKi\ntkEa9LKAbjd5F/zrjCIcBQ1ZqrtAWQsLs+AhNbS46QKBgQD/UpnN6nOSoaLjoh+a\nc1i3yOHMHVRnf+xst1lYJTMflJikQ05jiQKIqGW1wCsuvCnsztVtn1y9vsosHCLI\nx6HW4ov7nRS9fJNVQRy+Tm5KQarU22kCFPJNS6e4SttcI+EvKiSJoSKS5TYko23p\nd4vmILWJaCQ6x4EOvt8BjykQVwKBgQDg87eemAMffwwWYtopqOu8zRNeDTMBbBFS\nz0UeuYMJa/QD4sOvKLP3VdkHuIOq2aUeYcwyn3xVZEWrVDn33y26wXTJOVd3VBlT\nplY9tznMyuEYn5ttP1YqAZLrV/rNBdewthU3Hc0gZ7lk2pBx2b4dmofjBM34Cajg\nYVzW/loDXQKBgCCPwjm2msKqhoGNXYZvC3N01QcY/nisodRDlcteAyUV6Fmak9ax\n1HblMwN43Ij7SkV/I0z1s/gm6tWxSOZeP0+OWNff8pMv3gJTaX0Dt6EUutqmmL/B\nOB2PdnZUZaFcmg1PzJUYzbX6MWt+xDewHVFd/ojllSlB5D2jLgGe5lfFAoGAC+n8\njKLCb5Wb/0eHBHPU4HAAGZgbXnTpyff+Ui1DGmmkR9xnvswqE+xxDS6hkpfqXdyS\nIxA9Vox0ACn60/z3ABAk7k9iKYjDuqFxqd0da5JHL7WsVrHnD1x7+ojzWI55qPtL\nzlp+tbuonwXQZqdAoXLAxa5Idl2UmyWs9BoOjGUCgYEAmIgR5KgpoI4SqwINvcT1\nhBSIz48RWhZd88Df8f3xRzollSOZdJzUHoq7WFsp0kahbxTML2YieX7KqLB5dw8E\nbfFcaKtVTlJ7DtEONae/ABocdt1la6YG++ISqP/rUwEtnc7SsYdEjdDY5Pd1zh7t\nOzzvLVpTvfvxnsN3ox0uW6c=\n-----END PRIVATE KEY-----\n",
            "public_key_fingerprint_md5": "03:7d:66:47:75:f6:f4:6c:b8:50:6e:d6:35:b1:ba:12",
            "public_key_fingerprint_sha256": "SHA256:hLRh/w4oh7V6zSduIIMGiogYsq7j5jjIcnmN3tSeL2I",
            "public_key_openssh": "ssh-rsa AAAAB3NzaC1yc2EAAAADAQABAAABAQDgW1keZCP0ZLZhpP3erqO685snZQFsze2Mi94JSbeCVtF+rTYSxZOkxuxm0qT4JrCmJCv4g6VQzhnlEQF9jmxFG+5jPh+KJ+1nSyTMtcz2qsDMoXs0h1qMxVUXFdiD69stjSOT5n1UWxjrpE6RNAGZNdadTTLpwfL9PmtcnZKuVkBxivxjiN5xgvuz9O2lEb37g/2Oug9LMT8FZB3rTR/uT78ALciXVAjEC/S65iW33DtKeRv9AQsd1zBvT9jtSmCMkq/cX9sw3X/6DnFCDFPJdkEdoACqHFe2j8IbL0oViQEUfErl9nuwysuQPuxVqg7ZA1HItg19IEm1B56NsfSb\n",
            "public_key_pem": "-----BEGIN PUBLIC KEY-----\nMIIBIjANBgkqhkiG9w0BAQEFAAOCAQ8AMIIBCgKCAQEA4FtZHmQj9GS2YaT93q6j\nuvObJ2UBbM3tjIveCUm3glbRfq02EsWTpMbsZtKk+CawpiQr+IOlUM4Z5REBfY5s\nRRvuYz4fiiftZ0skzLXM9qrAzKF7NIdajMVVFxXYg+vbLY0jk+Z9VFsY66ROkTQB\nmTXWnU0y6cHy/T5rXJ2SrlZAcYr8Y4jecYL7s/TtpRG9+4P9jroPSzE/BWQd600f\n7k+/AC3Il1QIxAv0uuYlt9w7Snkb/QELHdcwb0/Y7UpgjJKv3F/bMN1/+g5xQgxT\nyXZBHaAAqhxXto/CGy9KFYkBFHxK5fZ7sMrLkD7sVaoO2QNRyLYNfSBJtQeejbH0\nmwIDAQAB\n-----END PUBLIC KEY-----\n",
            "rsa_bits": 2048
          },
          "sensitive_attributes": []
        }
      ]
    }
  ],
  "check_results": null
}
